
Microsoft Visual Studio Solution File, Format Version 12.00
# Visual Studio Version 16
VisualStudioVersion = 16.0.30717.126
MinimumVisualStudioVersion = 10.0.40219.1
Project("{FAE04EC0-301F-11D3-BF4B-00C04F79EFBC}") = "CafeConsoleApp", "1.CafeConsoleApp\CafeConsoleApp.csproj", "{EB47C433-F99F-4860-9B72-689CCF39A7AE}"
EndProject
Project("{FAE04EC0-301F-11D3-BF4B-00C04F79EFBC}") = "CafeRepository", "CafeRepository\CafeRepository.csproj", "{826C715A-D0D1-401B-B5B7-0057DB0AAF5E}"
EndProject
Project("{FAE04EC0-301F-11D3-BF4B-00C04F79EFBC}") = "Cafe_UnitTestProject1", "Cafe_UnitTestProject1\Cafe_UnitTestProject1.csproj", "{9A718082-27C2-478E-8122-138A4EA62F4F}"
EndProject
Project("{FAE04EC0-301F-11D3-BF4B-00C04F79EFBC}") = "ClaimsRepository", "ClaimsRepository\ClaimsRepository.csproj", "{2B9A88B2-90D3-45E4-8ED4-4E86A5B4B077}"
EndProject
Project("{FAE04EC0-301F-11D3-BF4B-00C04F79EFBC}") = "ClaimsRepoTEST", "ClaimsRepoTEST\ClaimsRepoTEST.csproj", "{E4931289-0459-4F14-9DB4-5246BE8723D5}"
EndProject
Global
	GlobalSection(SolutionConfigurationPlatforms) = preSolution
		Debug|Any CPU = Debug|Any CPU
		Release|Any CPU = Release|Any CPU
	EndGlobalSection
	GlobalSection(ProjectConfigurationPlatforms) = postSolution
		{EB47C433-F99F-4860-9B72-689CCF39A7AE}.Debug|Any CPU.ActiveCfg = Debug|Any CPU
		{EB47C433-F99F-4860-9B72-689CCF39A7AE}.Debug|Any CPU.Build.0 = Debug|Any CPU
		{EB47C433-F99F-4860-9B72-689CCF39A7AE}.Release|Any CPU.ActiveCfg = Release|Any CPU
		{EB47C433-F99F-4860-9B72-689CCF39A7AE}.Release|Any CPU.Build.0 = Release|Any CPU
		{826C715A-D0D1-401B-B5B7-0057DB0AAF5E}.Debug|Any CPU.ActiveCfg = Debug|Any CPU
		{826C715A-D0D1-401B-B5B7-0057DB0AAF5E}.Debug|Any CPU.Build.0 = Debug|Any CPU
		{826C715A-D0D1-401B-B5B7-0057DB0AAF5E}.Release|Any CPU.ActiveCfg = Release|Any CPU
		{826C715A-D0D1-401B-B5B7-0057DB0AAF5E}.Release|Any CPU.Build.0 = Release|Any CPU
		{9A718082-27C2-478E-8122-138A4EA62F4F}.Debug|Any CPU.ActiveCfg = Debug|Any CPU
		{9A718082-27C2-478E-8122-138A4EA62F4F}.Debug|Any CPU.Build.0 = Debug|Any CPU
		{9A718082-27C2-478E-8122-138A4EA62F4F}.Release|Any CPU.ActiveCfg = Release|Any CPU
		{9A718082-27C2-478E-8122-138A4EA62F4F}.Release|Any CPU.Build.0 = Release|Any CPU
		{2B9A88B2-90D3-45E4-8ED4-4E86A5B4B077}.Debug|Any CPU.ActiveCfg = Debug|Any CPU
		{2B9A88B2-90D3-45E4-8ED4-4E86A5B4B077}.Debug|Any CPU.Build.0 = Debug|Any CPU
		{2B9A88B2-90D3-45E4-8ED4-4E86A5B4B077}.Release|Any CPU.ActiveCfg = Release|Any CPU
		{2B9A88B2-90D3-45E4-8ED4-4E86A5B4B077}.Release|Any CPU.Build.0 = Release|Any CPU
		{E4931289-0459-4F14-9DB4-5246BE8723D5}.Debug|Any CPU.ActiveCfg = Debug|Any CPU
		{E4931289-0459-4F14-9DB4-5246BE8723D5}.Debug|Any CPU.Build.0 = Debug|Any CPU
		{E4931289-0459-4F14-9DB4-5246BE8723D5}.Release|Any CPU.ActiveCfg = Release|Any CPU
		{E4931289-0459-4F14-9DB4-5246BE8723D5}.Release|Any CPU.Build.0 = Release|Any CPU
	EndGlobalSection
	GlobalSection(SolutionProperties) = preSolution
		HideSolutionNode = FALSE
	EndGlobalSection
	GlobalSection(ExtensibilityGlobals) = postSolution
		SolutionGuid = {32C55E27-6595-4AC4-A9E5-AFADE07AB09C}
	EndGlobalSection
EndGlobal
